PODS:
  - Alamofire (4.7.3)
  - IQKeyboardManager (6.1.1)
  - NVActivityIndicatorView (4.4.0):
    - NVActivityIndicatorView/Presenter (= 4.4.0)
  - NVActivityIndicatorView/Presenter (4.4.0)
  - ObjectMapper (3.3.0)
  - SDWebImage (4.4.2):
    - SDWebImage/Core (= 4.4.2)
  - SDWebImage/Core (4.4.2)

DEPENDENCIES:
  - Alamofire
  - IQKeyboardManager
  - NVActivityIndicatorView
  - ObjectMapper
  - SDWebImage

SPEC REPOS:
  https://github.com/CocoaPods/Specs.git:
    - Alamofire
    - IQKeyboardManager
    - NVActivityIndicatorView
    - ObjectMapper
    - SDWebImage

SPEC CHECKSUMS:
  Alamofire: c7287b6e5d7da964a70935e5db17046b7fde6568
  IQKeyboardManager: 79c57795f5c2408d259d37b9da2ed07efcbb5225
  NVActivityIndicatorView: ec7440a57af2450319d3a4181cca7da6fc127064
  ObjectMapper: b612bf8c8e99c4dc0bb6013a51f7c27966ed5da9
  SDWebImage: 624d6e296c69b244bcede364c72ae0430ac14681

PODFILE CHECKSUM: befa5722008cce59aa6fab1fd45487b178c78b48

COCOAPODS: 1.5.0
